{
  "meteor": {},
  "dependencies": {
    "basePackages": {
      "http-methods": {},
      "chartjs": {}
    },
    "packages": {
      "http-methods": {
        "git": "https://github.com/CollectionFS/Meteor-http-methods.git",
        "tag": "v0.0.23",
        "commit": "8e555d953f1a2dfdfe983e58b65bd6054a840dde"
      },
      "chartjs": {
        "git": "https://github.com/donskifarrell/meteor-chartjs.git",
        "tag": "v0.0.6",
        "commit": "7999ee282dc6302806c421607ecd9248d160c6e7"
      }
    }
  }
}
